// !$*UTF8*$!
{
	archiveVersion = 1;
	classes = {
	};
	objectVersion = 46;
	objects = {

/* Begin PBXBuildFile section */
		01B6DD9E1EFE046500C771CC /* main.m in Sources */ = {isa = PBXBuildFile; fileRef = 01B6DD9D1EFE046500C771CC /* main.m */; };
		01B6DDA11EFE046500C771CC /* AppDelegate.m in Sources */ = {isa = PBXBuildFile; fileRef = 01B6DDA01EFE046500C771CC /* AppDelegate.m */; };
		01B6DDA41EFE046500C771CC /* ViewController.m in Sources */ = {isa = PBXBuildFile; fileRef = 01B6DDA31EFE046500C771CC /* ViewController.m */; };
		01B6DDA71EFE046500C771CC /* Main.storyboard in Resources */ = {isa = PBXBuildFile; fileRef = 01B6DDA51EFE046500C771CC /* Main.storyboard */; };
		01B6DDA91EFE046500C771CC /* Assets.xcassets in Resources */ = {isa = PBXBuildFile; fileRef = 01B6DDA81EFE046500C771CC /* Assets.xcassets */; };
		01B6DDAC1EFE046500C771CC /* LaunchScreen.storyboard in Resources */ = {isa = PBXBuildFile; fileRef = 01B6DDAA1EFE046500C771CC /* LaunchScreen.storyboard */; };
		01B6DDB71EFE046500C771CC /* TaskRunningTests.m in Sources */ = {isa = PBXBuildFile; fileRef = 01B6DDB61EFE046500C771CC /* TaskRunningTests.m */; };
		01B6DDC21EFE046500C771CC /* TaskRunningUITests.m in Sources */ = {isa = PBXBuildFile; fileRef = 01B6DDC11EFE046500C771CC /* TaskRunningUITests.m */; };
/* End PBXBuildFile section */

/* Begin PBXContainerItemProxy section */
		01B6DDB31EFE046500C771CC /* PBXContainerItemProxy */ = {
			isa = PBXContainerItemProxy;
			containerPortal = 01B6DD911EFE046500C771CC /* Project object */;
			proxyType = 1;
			remoteGlobalIDString = 01B6DD981EFE046500C771CC;
			remoteInfo = TaskRunning;
		};
		01B6DDBE1EFE046500C771CC /* PBXContainerItemProxy */ = {
			isa = PBXContainerItemProxy;
			containerPortal = 01B6DD911EFE046500C771CC /* Project object */;
			proxyType = 1;
			remoteGlobalIDString = 01B6DD981EFE046500C771CC;
			remoteInfo = TaskRunning;
		};
/* End PBXContainerItemProxy section */

/* Begin PBXFileReference section */
		01B6DD991EFE046500C771CC /* TaskRunning.app */ = {isa = PBXFileReference; explicitFileType = wrapper.application; includeInIndex = 0; path = TaskRunning.app; sourceTree = BUILT_PRODUCTS_DIR; };
		01B6DD9D1EFE046500C771CC /* main.m */ = {isa = PBXFileReference; lastKnownFileType = sourcecode.c.objc; path = main.m; sourceTree = "<group>"; };
		01B6DD9F1EFE046500C771CC /* AppDelegate.h */ = {isa = PBXFileReference; lastKnownFileType = sourcecode.c.h; path = AppDelegate.h; sourceTree = "<group>"; };
		01B6DDA01EFE046500C771CC /* AppDelegate.m */ = {isa = PBXFileReference; lastKnownFileType = sourcecode.c.objc; path = AppDelegate.m; sourceTree = "<group>"; };
		01B6DDA21EFE046500C771CC /* ViewController.h */ = {isa = PBXFileReference; lastKnownFileType = sourcecode.c.h; path = ViewController.h; sourceTree = "<group>"; };
		01B6DDA31EFE046500C771CC /* ViewController.m */ = {isa = PBXFileReference; lastKnownFileType = sourcecode.c.objc; path = ViewController.m; sourceTree = "<group>"; };
		01B6DDA61EFE046500C771CC /* Base */ = {isa = PBXFileReference; lastKnownFileType = file.storyboard; name = Base; path = Base.lproj/Main.storyboard; sourceTree = "<group>"; };
		01B6DDA81EFE046500C771CC /* Assets.xcassets */ = {isa = PBXFileReference; lastKnownFileType = folder.assetcatalog; path = Assets.xcassets; sourceTree = "<group>"; };
		01B6DDAB1EFE046500C771CC /* Base */ = {isa = PBXFileReference; lastKnownFileType = file.storyboard; name = Base; path = Base.lproj/LaunchScreen.storyboard; sourceTree = "<group>"; };
		01B6DDAD1EFE046500C771CC /* Info.plist */ = {isa = PBXFileReference; lastKnownFileType = text.plist.xml; path = Info.plist; sourceTree = "<group>"; };
		01B6DDB21EFE046500C771CC /* TaskRunningTests.xctest */ = {isa = PBXFileReference; explicitFileType = wrapper.cfbundle; includeInIndex = 0; path = TaskRunningTests.xctest; sourceTree = BUILT_PRODUCTS_DIR; };
		01B6DDB61EFE046500C771CC /* TaskRunningTests.m */ = {isa = PBXFileReference; lastKnownFileType = sourcecode.c.objc; path = TaskRunningTests.m; sourceTree = "<group>"; };
		01B6DDB81EFE046500C771CC /* Info.plist */ = {isa = PBXFileReference; lastKnownFileType = text.plist.xml; path = Info.plist; sourceTree = "<group>"; };
		01B6DDBD1EFE046500C771CC /* TaskRunningUITests.xctest */ = {isa = PBXFileReference; explicitFileType = wrapper.cfbundle; includeInIndex = 0; path = TaskRunningUITests.xctest; sourceTree = BUILT_PRODUCTS_DIR; };
		01B6DDC11EFE046500C771CC /* TaskRunningUITests.m */ = {isa = PBXFileReference; lastKnownFileType = sourcecode.c.objc; path = TaskRunningUITests.m; sourceTree = "<group>"; };
		01B6DDC31EFE046500C771CC /* Info.plist */ = {isa = PBXFileReference; lastKnownFileType = text.plist.xml; path = Info.plist; sourceTree = "<group>"; };
/* End PBXFileReference section */

/* Begin PBXFrameworksBuildPhase section */
		01B6DD961EFE046500C771CC /* Frameworks */ = {
			isa = PBXFrameworksBuildPhase;
			buildActionMask = 2147483647;
			files = (
			);
			runOnlyForDeploymentPostprocessing = 0;
		};
		01B6DDAF1EFE046500C771CC /* Frameworks */ = {
			isa = PBXFrameworksBuildPhase;
			buildActionMask = 2147483647;
			files = (
			);
			runOnlyForDeploymentPostprocessing = 0;
		};
		01B6DDBA1EFE046500C771CC /* Frameworks */ = {
			isa = PBXFrameworksBuildPhase;
			buildActionMask = 2147483647;
			files = (
			);
			runOnlyForDeploymentPostprocessing = 0;
		};
/* End PBXFrameworksBuildPhase section */

/* Begin PBXGroup section */
		01B6DD901EFE046500C771CC = {
			isa = PBXGroup;
			children = (
				01B6DD9B1EFE046500C771CC /* TaskRunning */,
				01B6DDB51EFE046500C771CC /* TaskRunningTests */,
				01B6DDC01EFE046500C771CC /* TaskRunningUITests */,
				01B6DD9A1EFE046500C771CC /* Products */,
			);
			sourceTree = "<group>";
		};
		01B6DD9A1EFE046500C771CC /* Products */ = {
			isa = PBXGroup;
			children = (
				01B6DD991EFE046500C771CC /* TaskRunning.app */,
				01B6DDB21EFE046500C771CC /* TaskRunningTests.xctest */,
				01B6DDBD1EFE046500C771CC /* TaskRunningUITests.xctest */,
			);
			name = Products;
			sourceTree = "<group>";
		};
		01B6DD9B1EFE046500C771CC /* TaskRunning */ = {
			isa = PBXGroup;
			children = (
				01B6DD9F1EFE046500C771CC /* AppDelegate.h */,
				01B6DDA01EFE046500C771CC /* AppDelegate.m */,
				01B6DDA21EFE046500C771CC /* ViewController.h */,
				01B6DDA31EFE046500C771CC /* ViewController.m */,
				01B6DDA51EFE046500C771CC /* Main.storyboard */,
				01B6DDA81EFE046500C771CC /* Assets.xcassets */,
				01B6DDAA1EFE046500C771CC /* LaunchScreen.storyboard */,
				01B6DDAD1EFE046500C771CC /* Info.plist */,
				01B6DD9C1EFE046500C771CC /* Supporting Files */,
			);
			path = TaskRunning;
			sourceTree = "<group>";
		};
		01B6DD9C1EFE046500C771CC /* Supporting Files */ = {
			isa = PBXGroup;
			children = (
				01B6DD9D1EFE046500C771CC /* main.m */,
			);
			name = "Supporting Files";
			sourceTree = "<group>";
		};
		01B6DDB51EFE046500C771CC /* TaskRunningTests */ = {
			isa = PBXGroup;
			children = (
				01B6DDB61EFE046500C771CC /* TaskRunningTests.m */,
				01B6DDB81EFE046500C771CC /* Info.plist */,
			);
			path = TaskRunningTests;
			sourceTree = "<group>";
		};
		01B6DDC01EFE046500C771CC /* TaskRunningUITests */ = {
			isa = PBXGroup;
			children = (
				01B6DDC11EFE046500C771CC /* TaskRunningUITests.m */,
				01B6DDC31EFE046500C771CC /* Info.plist */,
			);
			path = TaskRunningUITests;
			sourceTree = "<group>";
		};
/* End PBXGroup section */

/* Begin PBXNativeTarget section */
		01B6DD981EFE046500C771CC /* TaskRunning */ = {
			isa = PBXNativeTarget;
			buildConfigurationList = 01B6DDC61EFE046500C771CC /* Build configuration list for PBXNativeTarget "TaskRunning" */;
			buildPhases = (
				01B6DD951EFE046500C771CC /* Sources */,
				01B6DD961EFE046500C771CC /* Frameworks */,
				01B6DD971EFE046500C771CC /* Resources */,
			);
			buildRules = (
			);
			dependencies = (
			);
			name = TaskRunning;
			productName = TaskRunning;
			productReference = 01B6DD991EFE046500C771CC /* TaskRunning.app */;
			productType = "com.apple.product-type.application";
		};
		01B6DDB11EFE046500C771CC /* TaskRunningTests */ = {
			isa = PBXNativeTarget;
			buildConfigurationList = 01B6DDC91EFE046500C771CC /* Build configuration list for PBXNativeTarget "TaskRunningTests" */;
			buildPhases = (
				01B6DDAE1EFE046500C771CC /* Sources */,
				01B6DDAF1EFE046500C771CC /* Frameworks */,
				01B6DDB01EFE046500C771CC /* Resources */,
			);
			buildRules = (
			);
			dependencies = (
				01B6DDB41EFE046500C771CC /* PBXTargetDependency */,
			);
			name = TaskRunningTests;
			productName = TaskRunningTests;
			productReference = 01B6DDB21EFE046500C771CC /* TaskRunningTests.xctest */;
			productType = "com.apple.product-type.bundle.unit-test";
		};
		01B6DDBC1EFE046500C771CC /* TaskRunningUITests */ = {
			isa = PBXNativeTarget;
			buildConfigurationList = 01B6DDCC1EFE046500C771CC /* Build configuration list for PBXNativeTarget "TaskRunningUITests" */;
			buildPhases = (
				01B6DDB91EFE046500C771CC /* Sources */,
				01B6DDBA1EFE046500C771CC /* Frameworks */,
				01B6DDBB1EFE046500C771CC /* Resources */,
			);
			buildRules = (
			);
			dependencies = (
				01B6DDBF1EFE046500C771CC /* PBXTargetDependency */,
			);
			name = TaskRunningUITests;
			productName = TaskRunningUITests;
			productReference = 01B6DDBD1EFE046500C771CC /* TaskRunningUITests.xctest */;
			productType = "com.apple.product-type.bundle.ui-testing";
		};
/* End PBXNativeTarget section */

/* Begin PBXProject section */
		01B6DD911EFE046500C771CC /* Project object */ = {
			isa = PBXProject;
			attributes = {
				LastUpgradeCheck = 0820;
				ORGANIZATIONNAME = "宋志明";
				TargetAttributes = {
					01B6DD981EFE046500C771CC = {
						CreatedOnToolsVersion = 8.2.1;
						ProvisioningStyle = Automatic;
					};
					01B6DDB11EFE046500C771CC = {
						CreatedOnToolsVersion = 8.2.1;
						ProvisioningStyle = Automatic;
						TestTargetID = 01B6DD981EFE046500C771CC;
					};
					01B6DDBC1EFE046500C771CC = {
						CreatedOnToolsVersion = 8.2.1;
						ProvisioningStyle = Automatic;
						TestTargetID = 01B6DD981EFE046500C771CC;
					};
				};
			};
			buildConfigurationList = 01B6DD941EFE046500C771CC /* Build configuration list for PBXProject "TaskRunning" */;
			compatibilityVersion = "Xcode 3.2";
			developmentRegion = English;
			hasScannedForEncodings = 0;
			knownRegions = (
				en,
				Base,
			);
			mainGroup = 01B6DD901EFE046500C771CC;
			productRefGroup = 01B6DD9A1EFE046500C771CC /* Products */;
			projectDirPath = "";
			projectRoot = "";
			targets = (
				01B6DD981EFE046500C771CC /* TaskRunning */,
				01B6DDB11EFE046500C771CC /* TaskRunningTests */,
				01B6DDBC1EFE046500C771CC /* TaskRunningUITests */,
			);
		};
/* End PBXProject section */

/* Begin PBXResourcesBuildPhase section */
		01B6DD971EFE046500C771CC /* Resources */ = {
			isa = PBXResourcesBuildPhase;
			buildActionMask = 2147483647;
			files = (
				01B6DDAC1EFE046500C771CC /* LaunchScreen.storyboard in Resources */,
				01B6DDA91EFE046500C771CC /* Assets.xcassets in Resources */,
				01B6DDA71EFE046500C771CC /* Main.storyboard in Resources */,
			);
			runOnlyForDeploymentPostprocessing = 0;
		};
		01B6DDB01EFE046500C771CC /* Resources */ = {
			isa = PBXResourcesBuildPhase;
			buildActionMask = 2147483647;
			files = (
			);
			runOnlyForDeploymentPostprocessing = 0;
		};
		01B6DDBB1EFE046500C771CC /* Resources */ = {
			isa = PBXResourcesBuildPhase;
			buildActionMask = 2147483647;
			files = (
			);
			runOnlyForDeploymentPostprocessing = 0;
		};
/* End PBXResourcesBuildPhase section */

/* Begin PBXSourcesBuildPhase section */
		01B6DD951EFE046500C771CC /* Sources */ = {
			isa = PBXSourcesBuildPhase;
			buildActionMask = 2147483647;
			files = (
				01B6DDA41EFE046500C771CC /* ViewController.m in Sources */,
				01B6DDA11EFE046500C771CC /* AppDelegate.m in Sources */,
				01B6DD9E1EFE046500C771CC /* main.m in Sources */,
			);
			runOnlyForDeploymentPostprocessing = 0;
		};
		01B6DDAE1EFE046500C771CC /* Sources */ = {
			isa = PBXSourcesBuildPhase;
			buildActionMask = 2147483647;
			files = (
				01B6DDB71EFE046500C771CC /* TaskRunningTests.m in Sources */,
			);
			runOnlyForDeploymentPostprocessing = 0;
		};
		01B6DDB91EFE046500C771CC /* Sources */ = {
			isa = PBXSourcesBuildPhase;
			buildActionMask = 2147483647;
			files = (
				01B6DDC21EFE046500C771CC /* TaskRunningUITests.m in Sources */,
			);
			runOnlyForDeploymentPostprocessing = 0;
		};
/* End PBXSourcesBuildPhase section */

/* Begin PBXTargetDependency section */
		01B6DDB41EFE046500C771CC /* PBXTargetDependency */ = {
			isa = PBXTargetDependency;
			target = 01B6DD981EFE046500C771CC /* TaskRunning */;
			targetProxy = 01B6DDB31EFE046500C771CC /* PBXContainerItemProxy */;
		};
		01B6DDBF1EFE046500C771CC /* PBXTargetDependency */ = {
			isa = PBXTargetDependency;
			target = 01B6DD981EFE046500C771CC /* TaskRunning */;
			targetProxy = 01B6DDBE1EFE046500C771CC /* PBXContainerItemProxy */;
		};
/* End PBXTargetDependency section */

/* Begin PBXVariantGroup section */
		01B6DDA51EFE046500C771CC /* Main.storyboard */ = {
			isa = PBXVariantGroup;
			children = (
				01B6DDA61EFE046500C771CC /* Base */,
			);
			name = Main.storyboard;
			sourceTree = "<group>";
		};
		01B6DDAA1EFE046500C771CC /* LaunchScreen.storyboard */ = {
			isa = PBXVariantGroup;
			children = (
				01B6DDAB1EFE046500C771CC /* Base */,
			);
			name = LaunchScreen.storyboard;
			sourceTree = "<group>";
		};
/* End PBXVariantGroup section */

/* Begin XCBuildConfiguration section */
		01B6DDC41EFE046500C771CC /* Debug */ = {
			isa = XCBuildConfiguration;
			buildSettings = {
				ALWAYS_SEARCH_USER_PATHS = NO;
				CLANG_ANALYZER_NONNULL = YES;
				CLANG_CXX_LANGUAGE_STANDARD = "gnu++0x";
				CLANG_CXX_LIBRARY = "libc++";
				CLANG_ENABLE_MODULES = YES;
				CLANG_ENABLE_OBJC_ARC = YES;
				CLANG_WARN_BOOL_CONVERSION = YES;
				CLANG_WARN_CONSTANT_CONVERSION = YES;
				CLANG_WARN_DIRECT_OBJC_ISA_USAGE = YES_ERROR;
				CLANG_WARN_DOCUMENTATION_COMMENTS = YES;
				CLANG_WARN_EMPTY_BODY = YES;
				CLANG_WARN_ENUM_CONVERSION = YES;
				CLANG_WARN_INFINITE_RECURSION = YES;
				CLANG_WARN_INT_CONVERSION = YES;
				CLANG_WARN_OBJC_ROOT_CLASS = YES_ERROR;
				CLANG_WARN_SUSPICIOUS_MOVE = YES;
				CLANG_WARN_UNREACHABLE_CODE = YES;
				CLANG_WARN__DUPLICATE_METHOD_MATCH = YES;
				"CODE_SIGN_IDENTITY[sdk=iphoneos*]" = "iPhone Developer";
				COPY_PHASE_STRIP = NO;
				DEBUG_INFORMATION_FORMAT = dwarf;
				ENABLE_STRICT_OBJC_MSGSEND = YES;
				ENABLE_TESTABILITY = YES;
				GCC_C_LANGUAGE_STANDARD = gnu99;
				GCC_DYNAMIC_NO_PIC = NO;
				GCC_NO_COMMON_BLOCKS = YES;
				GCC_OPTIMIZATION_LEVEL = 0;
				GCC_PREPROCESSOR_DEFINITIONS = (
					"DEBUG=1",
					"$(inherited)",
				);
				GCC_WARN_64_TO_32_BIT_CONVERSION = YES;
				GCC_WARN_ABOUT_RETURN_TYPE = YES_ERROR;
				GCC_WARN_UNDECLARED_SELECTOR = YES;
				GCC_WARN_UNINITIALIZED_AUTOS = YES_AGGRESSIVE;
				GCC_WARN_UNUSED_FUNCTION = YES;
				GCC_WARN_UNUSED_VARIABLE = YES;
				IPHONEOS_DEPLOYMENT_TARGET = 10.2;
				MTL_ENABLE_DEBUG_INFO = YES;
				ONLY_ACTIVE_ARCH = YES;
				SDKROOT = iphoneos;
			};
			name = Debug;
		};
		01B6DDC51EFE046500C771CC /* Release */ = {
			isa = XCBuildConfiguration;
			buildSettings = {
				ALWAYS_SEARCH_USER_PATHS = NO;
				CLANG_ANALYZER_NONNULL = YES;
				CLANG_CXX_LANGUAGE_STANDARD = "gnu++0x";
				CLANG_CXX_LIBRARY = "libc++";
				CLANG_ENABLE_MODULES = YES;
				CLANG_ENABLE_OBJC_ARC = YES;
				CLANG_WARN_BOOL_CONVERSION = YES;
				CLANG_WARN_CONSTANT_CONVERSION = YES;
				CLANG_WARN_DIRECT_OBJC_ISA_USAGE = YES_ERROR;
				CLANG_WARN_DOCUMENTATION_COMMENTS = YES;
				CLANG_WARN_EMPTY_BODY = YES;
				CLANG_WARN_ENUM_CONVERSION = YES;
				CLANG_WARN_INFINITE_RECURSION = YES;
				CLANG_WARN_INT_CONVERSION = YES;
				CLANG_WARN_OBJC_ROOT_CLASS = YES_ERROR;
				CLANG_WARN_SUSPICIOUS_MOVE = YES;
				CLANG_WARN_UNREACHABLE_CODE = YES;
				CLANG_WARN__DUPLICATE_METHOD_MATCH = YES;
				"CODE_SIGN_IDENTITY[sdk=iphoneos*]" = "iPhone Developer";
				COPY_PHASE_STRIP = NO;
				DEBUG_INFORMATION_FORMAT = "dwarf-with-dsym";
				ENABLE_NS_ASSERTIONS = NO;
				ENABLE_STRICT_OBJC_MSGSEND = YES;
				GCC_C_LANGUAGE_STANDARD = gnu99;
				GCC_NO_COMMON_BLOCKS = YES;
				GCC_WARN_64_TO_32_BIT_CONVERSION = YES;
				GCC_WARN_ABOUT_RETURN_TYPE = YES_ERROR;
				GCC_WARN_UNDECLARED_SELECTOR = YES;
				GCC_WARN_UNINITIALIZED_AUTOS = YES_AGGRESSIVE;
				GCC_WARN_UNUSED_FUNCTION = YES;
				GCC_WARN_UNUSED_VARIABLE = YES;
				IPHONEOS_DEPLOYMENT_TARGET = 10.2;
				MTL_ENABLE_DEBUG_INFO = NO;
				SDKROOT = iphoneos;
				VALIDATE_PRODUCT = YES;
			};
			name = Release;
		};
		01B6DDC71EFE046500C771CC /* Debug */ = {
			isa = XCBuildConfiguration;
			buildSettings = {
				ASSETCATALOG_COMPILER_APPICON_NAME = AppIcon;
				INFOPLIST_FILE = TaskRunning/Info.plist;
				LD_RUNPATH_SEARCH_PATHS = "$(inherited) @executable_path/Frameworks";
				PRODUCT_BUNDLE_IDENTIFIER = xywy.TaskRunning;
				PRODUCT_NAME = "$(TARGET_NAME)";
			};
			name = Debug;
		};
		01B6DDC81EFE046500C771CC /* Release */ = {
			isa = XCBuildConfiguration;
			buildSettings = {
				ASSETCATALOG_COMPILER_APPICON_NAME = AppIcon;
				INFOPLIST_FILE = TaskRunning/Info.plist;
				LD_RUNPATH_SEARCH_PATHS = "$(inherited) @executable_path/Frameworks";
				PRODUCT_BUNDLE_IDENTIFIER = xywy.TaskRunning;
				PRODUCT_NAME = "$(TARGET_NAME)";
			};
			name = Release;
		};
		01B6DDCA1EFE046500C771CC /* Debug */ = {
			isa = XCBuildConfiguration;
			buildSettings = {
				BUNDLE_LOADER = "$(TEST_HOST)";
				INFOPLIST_FILE = TaskRunningTests/Info.plist;
				LD_RUNPATH_SEARCH_PATHS = "$(inherited) @executable_path/Frameworks @loader_path/Frameworks";
				PRODUCT_BUNDLE_IDENTIFIER = xywy.TaskRunningTests;
				PRODUCT_NAME = "$(TARGET_NAME)";
				TEST_HOST = "$(BUILT_PRODUCTS_DIR)/TaskRunning.app/TaskRunning";
			};
			name = Debug;
		};
		01B6DDCB1EFE046500C771CC /* Release */ = {
			isa = XCBuildConfiguration;
			buildSettings = {
				BUNDLE_LOADER = "$(TEST_HOST)";
				INFOPLIST_FILE = TaskRunningTests/Info.plist;
				LD_RUNPATH_SEARCH_PATHS = "$(inherited) @executable_path/Frameworks @loader_path/Frameworks";
				PRODUCT_BUNDLE_IDENTIFIER = xywy.TaskRunningTests;
				PRODUCT_NAME = "$(TARGET_NAME)";
				TEST_HOST = "$(BUILT_PRODUCTS_DIR)/TaskRunning.app/TaskRunning";
			};
			name = Release;
		};
		01B6DDCD1EFE046500C771CC /* Debug */ = {
			isa = XCBuildConfiguration;
			buildSettings = {
				INFOPLIST_FILE = TaskRunningUITests/Info.plist;
				LD_RUNPATH_SEARCH_PATHS = "$(inherited) @executable_path/Frameworks @loader_path/Frameworks";
				PRODUCT_BUNDLE_IDENTIFIER = xywy.TaskRunningUITests;
				PRODUCT_NAME = "$(TARGET_NAME)";
				TEST_TARGET_NAME = TaskRunning;
			};
			name = Debug;
		};
		01B6DDCE1EFE046500C771CC /* Release */ = {
			isa = XCBuildConfiguration;
			buildSettings = {
				INFOPLIST_FILE = TaskRunningUITests/Info.plist;
				LD_RUNPATH_SEARCH_PATHS = "$(inherited) @executable_path/Frameworks @loader_path/Frameworks";
				PRODUCT_BUNDLE_IDENTIFIER = xywy.TaskRunningUITests;
				PRODUCT_NAME = "$(TARGET_NAME)";
				TEST_TARGET_NAME = TaskRunning;
			};
			name = Release;
		};
/* End XCBuildConfiguration section */

/* Begin XCConfigurationList section */
		01B6DD941EFE046500C771CC /* Build configuration list for PBXProject "TaskRunning" */ = {
			isa = XCConfigurationList;
			buildConfigurations = (
				01B6DDC41EFE046500C771CC /* Debug */,
				01B6DDC51EFE046500C771CC /* Release */,
			);
			defaultConfigurationIsVisible = 0;
			defaultConfigurationName = Release;
		};
		01B6DDC61EFE046500C771CC /* Build configuration list for PBXNativeTarget "TaskRunning" */ = {
			isa = XCConfigurationList;
			buildConfigurations = (
				01B6DDC71EFE046500C771CC /* Debug */,
				01B6DDC81EFE046500C771CC /* Release */,
			);
			defaultConfigurationIsVisible = 0;
		};
		01B6DDC91EFE046500C771CC /* Build configuration list for PBXNativeTarget "TaskRunningTests" */ = {
			isa = XCConfigurationList;
			buildConfigurations = (
				01B6DDCA1EFE046500C771CC /* Debug */,
				01B6DDCB1EFE046500C771CC /* Release */,
			);
			defaultConfigurationIsVisible = 0;
		};
		01B6DDCC1EFE046500C771CC /* Build configuration list for PBXNativeTarget "TaskRunningUITests" */ = {
			isa = XCConfigurationList;
			buildConfigurations = (
				01B6DDCD1EFE046500C771CC /* Debug */,
				01B6DDCE1EFE046500C771CC /* Release */,
			);
			defaultConfigurationIsVisible = 0;
		};
/* End XCConfigurationList section */
	};
	rootObject = 01B6DD911EFE046500C771CC /* Project object */;
}
